
Microsoft Visual Studio Solution File, Format Version 12.00
# Visual Studio 15
VisualStudioVersion = 15.0.28010.2036
MinimumVisualStudioVersion = 10.0.40219.1
Project("{FAE04EC0-301F-11D3-BF4B-00C04F79EFBC}") = "gpo2", "gpo2\gpo2.csproj", "{D432578F-D9AE-40A3-A55A-6E2406F2C500}"
EndProject
Global
	GlobalSection(SolutionConfigurationPlatforms) = preSolution
		Debug|Any CPU = Debug|Any CPU
		Release|Any CPU = Release|Any CPU
	EndGlobalSection
	GlobalSection(ProjectConfigurationPlatforms) = postSolution
		{D432578F-D9AE-40A3-A55A-6E2406F2C500}.Debug|Any CPU.ActiveCfg = Debug|Any CPU
		{D432578F-D9AE-40A3-A55A-6E2406F2C500}.Debug|Any CPU.Build.0 = Debug|Any CPU
		{D432578F-D9AE-40A3-A55A-6E2406F2C500}.Release|Any CPU.ActiveCfg = Release|Any CPU
		{D432578F-D9AE-40A3-A55A-6E2406F2C500}.Release|Any CPU.Build.0 = Release|Any CPU
	EndGlobalSection
	GlobalSection(SolutionProperties) = preSolution
		HideSolutionNode = FALSE
	EndGlobalSection
	GlobalSection(ExtensibilityGlobals) = postSolution
		SolutionGuid = {C0562EFA-3048-48A6-83C3-7C4DA7D1860E}
	EndGlobalSection
EndGlobal
